# THIS IS AN AUTOGENERATED FILE. DO NOT EDIT THIS FILE DIRECTLY.
# yarn lockfile v1


"@babel/runtime@7.x":
  version "7.21.0"
  resolved "https://registry.npmmirror.com/@babel/runtime/-/runtime-7.21.0.tgz#5b55c9d394e5fcf304909a8b00c07dc217b56673"
  integrity sha512-xwII0//EObnq89Ji5AKYQaRYiW/nZ3llSv29d49IuxPhKbtJoLP+9QUUZ4nVragQVtaVGeZrpB+ZtG/Pdy/POw==
  dependencies:
    regenerator-runtime "^0.13.11"

"@vant/icons@^1.7.1":
  version "1.8.0"
  resolved "https://registry.npmmirror.com/@vant/icons/-/icons-1.8.0.tgz#36b13f2e628b533f6523a93a168cf02f07056674"
  integrity sha512-sKfEUo2/CkQFuERxvkuF6mGQZDKu3IQdj5rV9Fm0weJXtchDSSQ+zt8qPCNUEhh9Y8shy5PzxbvAfOOkCwlCXg==

"@vant/popperjs@^1.1.0":
  version "1.3.0"
  resolved "https://registry.npmmirror.com/@vant/popperjs/-/popperjs-1.3.0.tgz#e0eff017124b5b2352ef3b36a6df06277f4400f2"
  integrity sha512-hB+czUG+aHtjhaEmCJDuXOep0YTZjdlRR+4MSmIFnkCQIxJaXLQdSsR90XWvAI2yvKUI7TCGqR8pQg2RtvkMHw==

"@vue/babel-helper-vue-jsx-merge-props@^1.0.0":
  version "1.4.0"
  resolved "https://registry.npmmirror.com/@vue/babel-helper-vue-jsx-merge-props/-/babel-helper-vue-jsx-merge-props-1.4.0.tgz#8d53a1e21347db8edbe54d339902583176de09f2"
  integrity sha512-JkqXfCkUDp4PIlFdDQ0TdXoIejMtTHP67/pvxlgeY+u5k3LEdKuWZ3LK6xkxo52uDoABIVyRwqVkfLQJhk7VBA==

async-validator@~1.8.1:
  version "1.8.5"
  resolved "https://registry.npmmirror.com/async-validator/-/async-validator-1.8.5.tgz#dc3e08ec1fd0dddb67e60842f02c0cd1cec6d7f0"
  integrity sha512-tXBM+1m056MAX0E8TL2iCjg8WvSyXu0Zc8LNtYqrVeyoL3+esHRZ4SieE9fKQyyU09uONjnMEjrNBMqT0mbvmA==
  dependencies:
    babel-runtime "6.x"

babel-helper-vue-jsx-merge-props@^2.0.0:
  version "2.0.3"
  resolved "https://registry.npmmirror.com/babel-helper-vue-jsx-merge-props/-/babel-helper-vue-jsx-merge-props-2.0.3.tgz#22aebd3b33902328e513293a8e4992b384f9f1b6"
  integrity sha512-gsLiKK7Qrb7zYJNgiXKpXblxbV5ffSwR0f5whkPAaBAR4fhi6bwRZxX9wBlIc5M/v8CCkXUbXZL4N/nSE97cqg==

babel-runtime@6.x:
  version "6.26.0"
  resolved "https://registry.npmmirror.com/babel-runtime/-/babel-runtime-6.26.0.tgz#965c7058668e82b55d7bfe04ff2337bc8b5647fe"
  integrity sha512-ITKNuq2wKlW1fJg9sSW52eepoYgZBggvOAHC0u/CYu/qxQ9EVzThCgR69BnSXLHjy2f7SY5zaQ4yt7H9ZVxY2g==
  dependencies:
    core-js "^2.4.0"
    regenerator-runtime "^0.11.0"

core-js@^2.4.0:
  version "2.6.12"
  resolved "https://registry.npmmirror.com/core-js/-/core-js-2.6.12.tgz#d9333dfa7b065e347cc5682219d6f690859cc2ec"
  integrity sha512-Kb2wC0fvsWfQrgk8HU5lW6U/Lcs8+9aaYcy4ZFc6DDlo4nZ7n70dEgE5rtR0oG6ufKDUnrwfWL1mXR5ljDatrQ==

deepmerge@^1.2.0:
  version "1.5.2"
  resolved "https://registry.npmmirror.com/deepmerge/-/deepmerge-1.5.2.tgz#10499d868844cdad4fee0842df8c7f6f0c95a753"
  integrity sha512-95k0GDqvBjZavkuvzx/YqVLv/6YYa17fz6ILMSf7neqQITCPbnfEnQvEgMPNjH4kgobe7+WIL0yJEHku+H3qtQ==

element-ui@^2.15.13:
  version "2.15.13"
  resolved "https://registry.npmmirror.com/element-ui/-/element-ui-2.15.13.tgz#380f019ee7d15b181105587b41fd5914c308a143"
  integrity sha512-LJoatEYX6WV74FqXBss8Xfho9fh9rjDSzrDrTyREdGb1h1R3uRvmLh5jqp2JU137aj4/BgqA3K06RQpQBX33Bg==
  dependencies:
    async-validator "~1.8.1"
    babel-helper-vue-jsx-merge-props "^2.0.0"
    deepmerge "^1.2.0"
    normalize-wheel "^1.0.1"
    resize-observer-polyfill "^1.5.0"
    throttle-debounce "^1.0.1"

normalize-wheel@^1.0.1:
  version "1.0.1"
  resolved "https://registry.npmmirror.com/normalize-wheel/-/normalize-wheel-1.0.1.tgz#aec886affdb045070d856447df62ecf86146ec45"
  integrity sha512-1OnlAPZ3zgrk8B91HyRj+eVv+kS5u+Z0SCsak6Xil/kmgEia50ga7zfkumayonZrImffAxPU/5WcyGhzetHNPA==

regenerator-runtime@^0.11.0:
  version "0.11.1"
  resolved "https://registry.npmmirror.com/regenerator-runtime/-/regenerator-runtime-0.11.1.tgz#be05ad7f9bf7d22e056f9726cee5017fbf19e2e9"
  integrity sha512-MguG95oij0fC3QV3URf4V2SDYGJhJnJGqvIIgdECeODCT98wSWDAJ94SSuVpYQUoTcGUIL6L4yNB7j1DFFHSBg==

regenerator-runtime@^0.13.11:
  version "0.13.11"
  resolved "https://registry.npmmirror.com/regenerator-runtime/-/regenerator-runtime-0.13.11.tgz#f6dca3e7ceec20590d07ada785636a90cdca17f9"
  integrity sha512-kY1AZVr2Ra+t+piVaJ4gxaFaReZVH40AKNo7UCX6W+dEwBo/2oZJzqfuN1qLq1oL45o56cPaTXELwrTh8Fpggg==

resize-observer-polyfill@^1.5.0:
  version "1.5.1"
  resolved "https://registry.npmmirror.com/resize-observer-polyfill/-/resize-observer-polyfill-1.5.1.tgz#0e9020dd3d21024458d4ebd27e23e40269810464"
  integrity sha512-LwZrotdHOo12nQuZlHEmtuXdqGoOD0OhaxopaNFxWzInpEgaLWoVuAMbTzixuosCx2nEG58ngzW3vxdWoxIgdg==

throttle-debounce@^1.0.1:
  version "1.1.0"
  resolved "https://registry.npmmirror.com/throttle-debounce/-/throttle-debounce-1.1.0.tgz#51853da37be68a155cb6e827b3514a3c422e89cd"
  integrity sha512-XH8UiPCQcWNuk2LYePibW/4qL97+ZQ1AN3FNXwZRBNPPowo/NRU5fAlDCSNBJIYCKbioZfuYtMhG4quqoJhVzg==

vant@^2.12.54:
  version "2.12.54"
  resolved "https://registry.npmmirror.com/vant/-/vant-2.12.54.tgz#0bc52d80414422987cdb9b7e7c101a66d3647d8d"
  integrity sha512-t7DCiLxNosDrg0Jm5EY9p0A5cAMo5OadmizbYtPEc0ru+OJKEa3kcfxtKIK5on7ZPqoOkyYJt8e6BQ1VDMPsrg==
  dependencies:
    "@babel/runtime" "7.x"
    "@vant/icons" "^1.7.1"
    "@vant/popperjs" "^1.1.0"
    "@vue/babel-helper-vue-jsx-merge-props" "^1.0.0"
    vue-lazyload "1.2.3"

vue-lazyload@1.2.3:
  version "1.2.3"
  resolved "https://registry.npmmirror.com/vue-lazyload/-/vue-lazyload-1.2.3.tgz#901f9ec15c7e6ca78781a2bae4a343686bdedb2c"
  integrity sha512-DC0ZwxanbRhx79tlA3zY5OYJkH8FYp3WBAnAJbrcuoS8eye1P73rcgAZhyxFSPUluJUTelMB+i/+VkNU/qVm7g==
