# THIS IS AN AUTOGENERATED FILE. DO NOT EDIT THIS FILE DIRECTLY.
# yarn lockfile v1


"@babel/runtime@7.x":
  "integrity" "sha512-T0O+aa+4w0u06iNmapipJXMV4HoUir03hpx3/YqXXhu9xim3w+dVphjFWl1OH8NbZHw5Lbm9k45drDkgq2VNNA=="
  "resolved" "https://registry.npmmirror.com/@babel/runtime/-/runtime-7.22.15.tgz"
  "version" "7.22.15"
  dependencies:
    "regenerator-runtime" "^0.14.0"

"@dcloudio/types@^3.3.3":
  "integrity" "sha512-xfp88QOJ2fgCzv49HhEGrX0L+3xDsCyyvcoApL7z0J1Lr7tqPUkxqAVBe9zBlKsDX/mO9mNj7NzKIisHfp+fNQ=="
  "resolved" "https://registry.npmmirror.com/@dcloudio/types/-/types-3.3.3.tgz"
  "version" "3.3.3"

"@microsoft/signalr@^7.0.7":
  "integrity" "sha512-tOEn32i5EatAx4sZbzmLgcBc2VbKQmx+F4rI2/Ioq2MnBaYcFxbDzOoZgISIS4IR9H1ij/sKoU8zQOAFC8GJKg=="
  "resolved" "https://registry.npmmirror.com/@microsoft/signalr/-/signalr-7.0.10.tgz"
  "version" "7.0.10"
  dependencies:
    "abort-controller" "^3.0.0"
    "eventsource" "^2.0.2"
    "fetch-cookie" "^2.0.3"
    "node-fetch" "^2.6.7"
    "ws" "^7.4.5"

"@msgpack/msgpack@^3.0.0-beta2":
  "integrity" "sha512-y+l1PNV0XDyY8sM3YtuMLK5vE3/hkfId+Do8pLo/OPxfxuFAUwcGz3oiiUuV46/aBpwTzZ+mRWVMtlSKbradhw=="
  "resolved" "https://registry.npmmirror.com/@msgpack/msgpack/-/msgpack-3.0.0-beta2.tgz"
  "version" "3.0.0-beta2"

"@vant/icons@^1.7.1":
  "integrity" "sha512-sKfEUo2/CkQFuERxvkuF6mGQZDKu3IQdj5rV9Fm0weJXtchDSSQ+zt8qPCNUEhh9Y8shy5PzxbvAfOOkCwlCXg=="
  "resolved" "https://registry.npmmirror.com/@vant/icons/-/icons-1.8.0.tgz"
  "version" "1.8.0"

"@vant/popperjs@^1.1.0":
  "integrity" "sha512-hB+czUG+aHtjhaEmCJDuXOep0YTZjdlRR+4MSmIFnkCQIxJaXLQdSsR90XWvAI2yvKUI7TCGqR8pQg2RtvkMHw=="
  "resolved" "https://registry.npmmirror.com/@vant/popperjs/-/popperjs-1.3.0.tgz"
  "version" "1.3.0"

"@vue/babel-helper-vue-jsx-merge-props@^1.0.0":
  "integrity" "sha512-JkqXfCkUDp4PIlFdDQ0TdXoIejMtTHP67/pvxlgeY+u5k3LEdKuWZ3LK6xkxo52uDoABIVyRwqVkfLQJhk7VBA=="
  "resolved" "https://registry.npmmirror.com/@vue/babel-helper-vue-jsx-merge-props/-/babel-helper-vue-jsx-merge-props-1.4.0.tgz"
  "version" "1.4.0"

"abort-controller@^3.0.0":
  "integrity" "sha512-h8lQ8tacZYnR3vNQTgibj+tODHI5/+l06Au2Pcriv/Gmet0eaj4TwWH41sO9wnHDiQsEj19q0drzdWdeAHtweg=="
  "resolved" "https://registry.npmmirror.com/abort-controller/-/abort-controller-3.0.0.tgz"
  "version" "3.0.0"
  dependencies:
    "event-target-shim" "^5.0.0"

"asynckit@^0.4.0":
  "integrity" "sha512-Oei9OH4tRh0YqU3GxhX79dM/mwVgvbZJaSNaRk+bshkj0S5cfHcgYakreBjrHwatXKbz+IoIdYLxrKim2MjW0Q=="
  "resolved" "https://registry.npmmirror.com/asynckit/-/asynckit-0.4.0.tgz"
  "version" "0.4.0"

"axios@^1.4.0":
  "integrity" "sha512-D4DdjDo5CY50Qms0qGQTTw6Q44jl7zRwY7bthds06pUGfChBCTcQs+N743eFWGEd6pRTMd6A+I87aWyFV5wiZQ=="
  "resolved" "https://registry.npmmirror.com/axios/-/axios-1.5.0.tgz"
  "version" "1.5.0"
  dependencies:
    "follow-redirects" "^1.15.0"
    "form-data" "^4.0.0"
    "proxy-from-env" "^1.1.0"

"combined-stream@^1.0.8":
  "integrity" "sha512-FQN4MRfuJeHf7cBbBMJFXhKSDq+2kAArBlmRBvcvFE5BB1HZKXtSFASDhdlz9zOYwxh8lDdnvmMOe/+5cdoEdg=="
  "resolved" "https://registry.npmmirror.com/combined-stream/-/combined-stream-1.0.8.tgz"
  "version" "1.0.8"
  dependencies:
    "delayed-stream" "~1.0.0"

"delayed-stream@~1.0.0":
  "integrity" "sha512-ZySD7Nf91aLB0RxL4KGrKHBXl7Eds1DAmEdcoVawXnLD7SDhpNgtuII2aAkg7a7QS41jxPSZ17p4VdGnMHk3MQ=="
  "resolved" "https://registry.npmmirror.com/delayed-stream/-/delayed-stream-1.0.0.tgz"
  "version" "1.0.0"

"event-target-shim@^5.0.0":
  "integrity" "sha512-i/2XbnSz/uxRCU6+NdVJgKWDTM427+MqYbkQzD321DuCQJUqOuJKIA0IM2+W2xtYHdKOmZ4dR6fExsd4SXL+WQ=="
  "resolved" "https://registry.npmmirror.com/event-target-shim/-/event-target-shim-5.0.1.tgz"
  "version" "5.0.1"

"eventsource@^2.0.2":
  "integrity" "sha512-IzUmBGPR3+oUG9dUeXynyNmf91/3zUSJg1lCktzKw47OXuhco54U3r9B7O4XX+Rb1Itm9OZ2b0RkTs10bICOxA=="
  "resolved" "https://registry.npmmirror.com/eventsource/-/eventsource-2.0.2.tgz"
  "version" "2.0.2"

"fetch-cookie@^2.0.3":
  "integrity" "sha512-39+cZRbWfbibmj22R2Jy6dmTbAWC+oqun1f1FzQaNurkPDUP4C38jpeZbiXCR88RKRVDp8UcDrbFXkNhN+NjYg=="
  "resolved" "https://registry.npmmirror.com/fetch-cookie/-/fetch-cookie-2.1.0.tgz"
  "version" "2.1.0"
  dependencies:
    "set-cookie-parser" "^2.4.8"
    "tough-cookie" "^4.0.0"

"follow-redirects@^1.15.0":
  "integrity" "sha512-VQLG33o04KaQ8uYi2tVNbdrWp1QWxNNea+nmIB4EVM28v0hmP17z7aG1+wAkNzVq4KeXTq3221ye5qTJP91JwA=="
  "resolved" "https://registry.npmmirror.com/follow-redirects/-/follow-redirects-1.15.2.tgz"
  "version" "1.15.2"

"form-data@^4.0.0":
  "integrity" "sha512-ETEklSGi5t0QMZuiXoA/Q6vcnxcLQP5vdugSpuAyi6SVGi2clPPp+xgEhuMaHC+zGgn31Kd235W35f7Hykkaww=="
  "resolved" "https://registry.npmmirror.com/form-data/-/form-data-4.0.0.tgz"
  "version" "4.0.0"
  dependencies:
    "asynckit" "^0.4.0"
    "combined-stream" "^1.0.8"
    "mime-types" "^2.1.12"

"mime-db@1.52.0":
  "integrity" "sha512-sPU4uV7dYlvtWJxwwxHD0PuihVNiE7TyAbQ5SWxDCB9mUYvOgroQOwYQQOKPJ8CIbE+1ETVlOoK1UC2nU3gYvg=="
  "resolved" "https://registry.npmmirror.com/mime-db/-/mime-db-1.52.0.tgz"
  "version" "1.52.0"

"mime-types@^2.1.12":
  "integrity" "sha512-ZDY+bPm5zTTF+YpCrAU9nK0UgICYPT0QtT1NZWFv4s++TNkcgVaT0g6+4R2uI4MjQjzysHB1zxuWL50hzaeXiw=="
  "resolved" "https://registry.npmmirror.com/mime-types/-/mime-types-2.1.35.tgz"
  "version" "2.1.35"
  dependencies:
    "mime-db" "1.52.0"

"moment@^2.29.4":
  "integrity" "sha512-5LC9SOxjSc2HF6vO2CyuTDNivEdoz2IvyJJGj6X8DJ0eFyfszE0QiEd+iXmBvUP3WHxSjFH/vIsA0EN00cgr8w=="
  "resolved" "https://registry.npmmirror.com/moment/-/moment-2.29.4.tgz"
  "version" "2.29.4"

"node-fetch@^2.6.7":
  "integrity" "sha512-c4FRfUm/dbcWZ7U+1Wq0AwCyFL+3nt2bEw05wfxSz+DWpWsitgmSgYmy2dQdWyKC1694ELPqMs/YzUSNozLt8A=="
  "resolved" "https://registry.npmmirror.com/node-fetch/-/node-fetch-2.7.0.tgz"
  "version" "2.7.0"
  dependencies:
    "whatwg-url" "^5.0.0"

"proxy-from-env@^1.1.0":
  "integrity" "sha512-D+zkORCbA9f1tdWRK0RaCR3GPv50cMxcrz4X8k5LTSUD1Dkw47mKJEZQNunItRTkWwgtaUSo1RVFRIG9ZXiFYg=="
  "resolved" "https://registry.npmmirror.com/proxy-from-env/-/proxy-from-env-1.1.0.tgz"
  "version" "1.1.0"

"psl@^1.1.33":
  "integrity" "sha512-E/ZsdU4HLs/68gYzgGTkMicWTLPdAftJLfJFlLUAAKZGkStNU72sZjT66SnMDVOfOWY/YAoiD7Jxa9iHvngcag=="
  "resolved" "https://registry.npmmirror.com/psl/-/psl-1.9.0.tgz"
  "version" "1.9.0"

"punycode@^2.1.1":
  "integrity" "sha512-rRV+zQD8tVFys26lAGR9WUuS4iUAngJScM+ZRSKtvl5tKeZ2t5bvdNFdNHBW9FWR4guGHlgmsZ1G7BSm2wTbuA=="
  "resolved" "https://registry.npmmirror.com/punycode/-/punycode-2.3.0.tgz"
  "version" "2.3.0"

"querystringify@^2.1.1":
  "integrity" "sha512-FIqgj2EUvTa7R50u0rGsyTftzjYmv/a3hO345bZNrqabNqjtgiDMgmo4mkUjd+nzU5oF3dClKqFIPUKybUyqoQ=="
  "resolved" "https://registry.npmmirror.com/querystringify/-/querystringify-2.2.0.tgz"
  "version" "2.2.0"

"regenerator-runtime@^0.14.0":
  "integrity" "sha512-srw17NI0TUWHuGa5CFGGmhfNIeja30WMBfbslPNhf6JrqQlLN5gcrvig1oqPxiVaXb0oW0XRKtH6Nngs5lKCIA=="
  "resolved" "https://registry.npmmirror.com/regenerator-runtime/-/regenerator-runtime-0.14.0.tgz"
  "version" "0.14.0"

"requires-port@^1.0.0":
  "integrity" "sha512-KigOCHcocU3XODJxsu8i/j8T9tzT4adHiecwORRQ0ZZFcp7ahwXuRU1m+yuO90C5ZUyGeGfocHDI14M3L3yDAQ=="
  "resolved" "https://registry.npmmirror.com/requires-port/-/requires-port-1.0.0.tgz"
  "version" "1.0.0"

"set-cookie-parser@^2.4.8":
  "integrity" "sha512-RVnVQxTXuerk653XfuliOxBP81Sf0+qfQE73LIYKcyMYHG94AuH0kgrQpRDuTZnSmjpysHmzxJXKNfa6PjFhyQ=="
  "resolved" "https://registry.npmmirror.com/set-cookie-parser/-/set-cookie-parser-2.6.0.tgz"
  "version" "2.6.0"

"tiny-emitter@^2.1.0":
  "integrity" "sha512-NB6Dk1A9xgQPMoGqC5CVXn123gWyte215ONT5Pp5a0yt4nlEoO1ZWeCwpncaekPHXO60i47ihFnZPiRPjRMq4Q=="
  "resolved" "https://registry.npmmirror.com/tiny-emitter/-/tiny-emitter-2.1.0.tgz"
  "version" "2.1.0"

"tough-cookie@^4.0.0":
  "integrity" "sha512-aX/y5pVRkfRnfmuX+OdbSdXvPe6ieKX/G2s7e98f4poJHnqH3281gDPm/metm6E/WRamfx7WC4HUqkWHfQHprw=="
  "resolved" "https://registry.npmmirror.com/tough-cookie/-/tough-cookie-4.1.3.tgz"
  "version" "4.1.3"
  dependencies:
    "psl" "^1.1.33"
    "punycode" "^2.1.1"
    "universalify" "^0.2.0"
    "url-parse" "^1.5.3"

"tr46@~0.0.3":
  "integrity" "sha512-N3WMsuqV66lT30CrXNbEjx4GEwlow3v6rr4mCcv6prnfwhS01rkgyFdjPNBYd9br7LpXV1+Emh01fHnq2Gdgrw=="
  "resolved" "https://registry.npmmirror.com/tr46/-/tr46-0.0.3.tgz"
  "version" "0.0.3"

"universalify@^0.2.0":
  "integrity" "sha512-CJ1QgKmNg3CwvAv/kOFmtnEN05f0D/cn9QntgNOQlQF9dgvVTHj3t+8JPdjqawCHk7V/KA+fbUqzZ9XWhcqPUg=="
  "resolved" "https://registry.npmmirror.com/universalify/-/universalify-0.2.0.tgz"
  "version" "0.2.0"

"url-parse@^1.5.3":
  "integrity" "sha512-WypcfiRhfeUP9vvF0j6rw0J3hrWrw6iZv3+22h6iRMJ/8z1Tj6XfLP4DsUix5MhMPnXpiHDoKyoZ/bdCkwBCiQ=="
  "resolved" "https://registry.npmmirror.com/url-parse/-/url-parse-1.5.10.tgz"
  "version" "1.5.10"
  dependencies:
    "querystringify" "^2.1.1"
    "requires-port" "^1.0.0"

"vant@^2.12.54":
  "integrity" "sha512-t7DCiLxNosDrg0Jm5EY9p0A5cAMo5OadmizbYtPEc0ru+OJKEa3kcfxtKIK5on7ZPqoOkyYJt8e6BQ1VDMPsrg=="
  "resolved" "https://registry.npmmirror.com/vant/-/vant-2.12.54.tgz"
  "version" "2.12.54"
  dependencies:
    "@babel/runtime" "7.x"
    "@vant/icons" "^1.7.1"
    "@vant/popperjs" "^1.1.0"
    "@vue/babel-helper-vue-jsx-merge-props" "^1.0.0"
    "vue-lazyload" "1.2.3"

"vue-lazyload@1.2.3":
  "integrity" "sha512-DC0ZwxanbRhx79tlA3zY5OYJkH8FYp3WBAnAJbrcuoS8eye1P73rcgAZhyxFSPUluJUTelMB+i/+VkNU/qVm7g=="
  "resolved" "https://registry.npmmirror.com/vue-lazyload/-/vue-lazyload-1.2.3.tgz"
  "version" "1.2.3"

"webidl-conversions@^3.0.0":
  "integrity" "sha512-2JAn3z8AR6rjK8Sm8orRC0h/bcl/DqL7tRPdGZ4I1CjdF+EaMLmYxBHyXuKL849eucPFhvBoxMsflfOb8kxaeQ=="
  "resolved" "https://registry.npmmirror.com/webidl-conversions/-/webidl-conversions-3.0.1.tgz"
  "version" "3.0.1"

"whatwg-url@^5.0.0":
  "integrity" "sha512-saE57nupxk6v3HY35+jzBwYa0rKSy0XR8JSxZPwgLr7ys0IBzhGviA1/TUGJLmSVqs8pb9AnvICXEuOHLprYTw=="
  "resolved" "https://registry.npmmirror.com/whatwg-url/-/whatwg-url-5.0.0.tgz"
  "version" "5.0.0"
  dependencies:
    "tr46" "~0.0.3"
    "webidl-conversions" "^3.0.0"

"ws@^7.4.5":
  "integrity" "sha512-F+P9Jil7UiSKSkppIiD94dN07AwvFixvLIj1Og1Rl9GGMuNipJnV9JzjD6XuqmAeiswGvUmNLjr5cFuXwNS77Q=="
  "resolved" "https://registry.npmmirror.com/ws/-/ws-7.5.9.tgz"
  "version" "7.5.9"
